<<<<<<< HEAD
Last acquired by C:\Users\DELL\develop\flutter\bin\cache\dart-sdk\bin\dart.exe (pid 18136) running file:///C:/Users/DELL/develop/flutter/bin/cache/flutter_tools.snapshot on 2026-04-13 20:53:34.604386.
=======
Last acquired by C:\App\flutter\bin\cache\dart-sdk\bin\dart.exe (pid 23296) running file:///C:/App/flutter/bin/cache/flutter_tools.snapshot on 2026-04-15 10:30:00.266687.
>>>>>>> 5fd5c52bf9a9751aabf71e1a9c621740c7720af1
